PODS:
  - Capacitor (3.2.0):
    - CapacitorCordova
  - CapacitorCordova (3.2.0)
  - PPBlinkID (5.12.0)

DEPENDENCIES:
  - "Capacitor (from `../node_modules/@capacitor/ios`)"
  - "CapacitorCordova (from `../node_modules/@capacitor/ios`)"
  - PPBlinkID (~> 5.12.0)

SPEC REPOS:
  trunk:
    - PPBlinkID

EXTERNAL SOURCES:
  Capacitor:
    :path: "../node_modules/@capacitor/ios"
  CapacitorCordova:
    :path: "../node_modules/@capacitor/ios"

SPEC CHECKSUMS:
  Capacitor: 97ac74f937eb9cd098b067c48f2e00de62c8b3c9
  CapacitorCordova: 643fc644c43204cf1a344b19ef0423beae5ae9ff
  PPBlinkID: d8bd676e3cd235f7515aa06b34847086af2b29ee

PODFILE CHECKSUM: 5a086c1ba15d64ea513cdfbbfbda06e4e848dc41

COCOAPODS: 1.10.1
