PODS:
  - Capacitor (2.4.0):
    - CapacitorCordova
  - CapacitorCordova (2.4.0)
  - PPBlinkID (5.7.1)

DEPENDENCIES:
  - "Capacitor (from `../node_modules/@capacitor/ios`)"
  - "CapacitorCordova (from `../node_modules/@capacitor/ios`)"
  - PPBlinkID (~> 5.7.1)

SPEC REPOS:
  trunk:
    - PPBlinkID

EXTERNAL SOURCES:
  Capacitor:
    :path: "../node_modules/@capacitor/ios"
  CapacitorCordova:
    :path: "../node_modules/@capacitor/ios"

SPEC CHECKSUMS:
  Capacitor: 0bc38985fc7744924a8e1d72a53b11e93f53adb5
  CapacitorCordova: ffb86bd6630220cf94a63306a72f13c653fb43aa
  PPBlinkID: a590bc58ae9ae302433235737f15ed142276cc77

PODFILE CHECKSUM: 7e941fa834c5e794469ebc73a18e8b857ddb5512

COCOAPODS: 1.8.4
